pgn: 130817
id: navicoFeatureUnlock
description: 'Navico: Feature Unlock'
type: Fast
variantOrder: 1
priority: 7
missing:
- Fields
- FieldLengths
- Resolution
explanation: Feature-unlock / capability report emitted by Navico devices, and the target of the 126208 Request seen on the bus (the requester filters on Feature Id as field 4). The payload is a 2-byte Feature Id and a record count; a non-zero count is believed to be followed by that many 3-byte records (never observed on the wire, so their layout is left undecoded here) and two trailing bytes.
fields:
- id: manufacturerCode
  name: Manufacturer Code
  type: LOOKUP
  bits: 11
  description: Navico
  match: 275
  lookup: MANUFACTURER_CODE
- id: reserved
  name: Reserved
  type: RESERVED
  bits: 2
- id: industryCode
  name: Industry Code
  type: LOOKUP
  bits: 3
  description: Marine Industry
  match: 4
  lookup: INDUSTRY_CODE
- id: featureId
  name: Feature Id
  type: UINT16
  description: Feature/object identifier. A 126208 Request for this PGN filters on this value as its field 4 (the requester asks the target to report a specific feature).
- id: recordCount
  name: Record Count
  type: UINT8
  description: Number of 3-byte records that follow; 0 in every observed broadcast
- id: data
  name: Data
  type: UINT16
  description: Trailing value (observed only with Record Count 0)
